
Microsoft Visual Studio Solution File, Format Version 12.00
# Visual Studio Version 16
VisualStudioVersion = 16.0.30114.105
MinimumVisualStudioVersion = 10.0.40219.1
Project("{FAE04EC0-301F-11D3-BF4B-00C04F79EFBC}") = "API", "API\API.csproj", "{ADE18F13-FDB5-4F17-A264-320042FB2571}"
EndProject
Project("{FAE04EC0-301F-11D3-BF4B-00C04F79EFBC}") = "Domain", "Domain\Domain.csproj", "{C679622C-BEC7-440F-8B39-9C5E85537BDE}"
EndProject
Project("{FAE04EC0-301F-11D3-BF4B-00C04F79EFBC}") = "Infrastructure", "Infrastructure\Infrastructure.csproj", "{7D73FF0C-114F-4A0C-B895-FFC8EF682F67}"
EndProject
Project("{FAE04EC0-301F-11D3-BF4B-00C04F79EFBC}") = "Persistence", "Persistence\Persistence.csproj", "{C93EFE9C-7BD9-49DA-AF42-3829B5284A79}"
EndProject
Project("{FAE04EC0-301F-11D3-BF4B-00C04F79EFBC}") = "Application", "Application\Application.csproj", "{F6C2C4BD-2479-4AFE-90E3-8E3D90DB4205}"
EndProject
Global
	GlobalSection(SolutionConfigurationPlatforms) = preSolution
		Debug|Any CPU = Debug|Any CPU
		Debug|x64 = Debug|x64
		Debug|x86 = Debug|x86
		Release|Any CPU = Release|Any CPU
		Release|x64 = Release|x64
		Release|x86 = Release|x86
	EndGlobalSection
	GlobalSection(SolutionProperties) = preSolution
		HideSolutionNode = FALSE
	EndGlobalSection
	GlobalSection(ProjectConfigurationPlatforms) = postSolution
		{ADE18F13-FDB5-4F17-A264-320042FB2571}.Debug|Any CPU.ActiveCfg = Debug|Any CPU
		{ADE18F13-FDB5-4F17-A264-320042FB2571}.Debug|Any CPU.Build.0 = Debug|Any CPU
		{ADE18F13-FDB5-4F17-A264-320042FB2571}.Debug|x64.ActiveCfg = Debug|Any CPU
		{ADE18F13-FDB5-4F17-A264-320042FB2571}.Debug|x64.Build.0 = Debug|Any CPU
		{ADE18F13-FDB5-4F17-A264-320042FB2571}.Debug|x86.ActiveCfg = Debug|Any CPU
		{ADE18F13-FDB5-4F17-A264-320042FB2571}.Debug|x86.Build.0 = Debug|Any CPU
		{ADE18F13-FDB5-4F17-A264-320042FB2571}.Release|Any CPU.ActiveCfg = Release|Any CPU
		{ADE18F13-FDB5-4F17-A264-320042FB2571}.Release|Any CPU.Build.0 = Release|Any CPU
		{ADE18F13-FDB5-4F17-A264-320042FB2571}.Release|x64.ActiveCfg = Release|Any CPU
		{ADE18F13-FDB5-4F17-A264-320042FB2571}.Release|x64.Build.0 = Release|Any CPU
		{ADE18F13-FDB5-4F17-A264-320042FB2571}.Release|x86.ActiveCfg = Release|Any CPU
		{ADE18F13-FDB5-4F17-A264-320042FB2571}.Release|x86.Build.0 = Release|Any CPU
		{C679622C-BEC7-440F-8B39-9C5E85537BDE}.Debug|Any CPU.ActiveCfg = Debug|Any CPU
		{C679622C-BEC7-440F-8B39-9C5E85537BDE}.Debug|Any CPU.Build.0 = Debug|Any CPU
		{C679622C-BEC7-440F-8B39-9C5E85537BDE}.Debug|x64.ActiveCfg = Debug|Any CPU
		{C679622C-BEC7-440F-8B39-9C5E85537BDE}.Debug|x64.Build.0 = Debug|Any CPU
		{C679622C-BEC7-440F-8B39-9C5E85537BDE}.Debug|x86.ActiveCfg = Debug|Any CPU
		{C679622C-BEC7-440F-8B39-9C5E85537BDE}.Debug|x86.Build.0 = Debug|Any CPU
		{C679622C-BEC7-440F-8B39-9C5E85537BDE}.Release|Any CPU.ActiveCfg = Release|Any CPU
		{C679622C-BEC7-440F-8B39-9C5E85537BDE}.Release|Any CPU.Build.0 = Release|Any CPU
		{C679622C-BEC7-440F-8B39-9C5E85537BDE}.Release|x64.ActiveCfg = Release|Any CPU
		{C679622C-BEC7-440F-8B39-9C5E85537BDE}.Release|x64.Build.0 = Release|Any CPU
		{C679622C-BEC7-440F-8B39-9C5E85537BDE}.Release|x86.ActiveCfg = Release|Any CPU
		{C679622C-BEC7-440F-8B39-9C5E85537BDE}.Release|x86.Build.0 = Release|Any CPU
		{7D73FF0C-114F-4A0C-B895-FFC8EF682F67}.Debug|Any CPU.ActiveCfg = Debug|Any CPU
		{7D73FF0C-114F-4A0C-B895-FFC8EF682F67}.Debug|Any CPU.Build.0 = Debug|Any CPU
		{7D73FF0C-114F-4A0C-B895-FFC8EF682F67}.Debug|x64.ActiveCfg = Debug|Any CPU
		{7D73FF0C-114F-4A0C-B895-FFC8EF682F67}.Debug|x64.Build.0 = Debug|Any CPU
		{7D73FF0C-114F-4A0C-B895-FFC8EF682F67}.Debug|x86.ActiveCfg = Debug|Any CPU
		{7D73FF0C-114F-4A0C-B895-FFC8EF682F67}.Debug|x86.Build.0 = Debug|Any CPU
		{7D73FF0C-114F-4A0C-B895-FFC8EF682F67}.Release|Any CPU.ActiveCfg = Release|Any CPU
		{7D73FF0C-114F-4A0C-B895-FFC8EF682F67}.Release|Any CPU.Build.0 = Release|Any CPU
		{7D73FF0C-114F-4A0C-B895-FFC8EF682F67}.Release|x64.ActiveCfg = Release|Any CPU
		{7D73FF0C-114F-4A0C-B895-FFC8EF682F67}.Release|x64.Build.0 = Release|Any CPU
		{7D73FF0C-114F-4A0C-B895-FFC8EF682F67}.Release|x86.ActiveCfg = Release|Any CPU
		{7D73FF0C-114F-4A0C-B895-FFC8EF682F67}.Release|x86.Build.0 = Release|Any CPU
		{C93EFE9C-7BD9-49DA-AF42-3829B5284A79}.Debug|Any CPU.ActiveCfg = Debug|Any CPU
		{C93EFE9C-7BD9-49DA-AF42-3829B5284A79}.Debug|Any CPU.Build.0 = Debug|Any CPU
		{C93EFE9C-7BD9-49DA-AF42-3829B5284A79}.Debug|x64.ActiveCfg = Debug|Any CPU
		{C93EFE9C-7BD9-49DA-AF42-3829B5284A79}.Debug|x64.Build.0 = Debug|Any CPU
		{C93EFE9C-7BD9-49DA-AF42-3829B5284A79}.Debug|x86.ActiveCfg = Debug|Any CPU
		{C93EFE9C-7BD9-49DA-AF42-3829B5284A79}.Debug|x86.Build.0 = Debug|Any CPU
		{C93EFE9C-7BD9-49DA-AF42-3829B5284A79}.Release|Any CPU.ActiveCfg = Release|Any CPU
		{C93EFE9C-7BD9-49DA-AF42-3829B5284A79}.Release|Any CPU.Build.0 = Release|Any CPU
		{C93EFE9C-7BD9-49DA-AF42-3829B5284A79}.Release|x64.ActiveCfg = Release|Any CPU
		{C93EFE9C-7BD9-49DA-AF42-3829B5284A79}.Release|x64.Build.0 = Release|Any CPU
		{C93EFE9C-7BD9-49DA-AF42-3829B5284A79}.Release|x86.ActiveCfg = Release|Any CPU
		{C93EFE9C-7BD9-49DA-AF42-3829B5284A79}.Release|x86.Build.0 = Release|Any CPU
		{F6C2C4BD-2479-4AFE-90E3-8E3D90DB4205}.Debug|Any CPU.ActiveCfg = Debug|Any CPU
		{F6C2C4BD-2479-4AFE-90E3-8E3D90DB4205}.Debug|Any CPU.Build.0 = Debug|Any CPU
		{F6C2C4BD-2479-4AFE-90E3-8E3D90DB4205}.Debug|x64.ActiveCfg = Debug|Any CPU
		{F6C2C4BD-2479-4AFE-90E3-8E3D90DB4205}.Debug|x64.Build.0 = Debug|Any CPU
		{F6C2C4BD-2479-4AFE-90E3-8E3D90DB4205}.Debug|x86.ActiveCfg = Debug|Any CPU
		{F6C2C4BD-2479-4AFE-90E3-8E3D90DB4205}.Debug|x86.Build.0 = Debug|Any CPU
		{F6C2C4BD-2479-4AFE-90E3-8E3D90DB4205}.Release|Any CPU.ActiveCfg = Release|Any CPU
		{F6C2C4BD-2479-4AFE-90E3-8E3D90DB4205}.Release|Any CPU.Build.0 = Release|Any CPU
		{F6C2C4BD-2479-4AFE-90E3-8E3D90DB4205}.Release|x64.ActiveCfg = Release|Any CPU
		{F6C2C4BD-2479-4AFE-90E3-8E3D90DB4205}.Release|x64.Build.0 = Release|Any CPU
		{F6C2C4BD-2479-4AFE-90E3-8E3D90DB4205}.Release|x86.ActiveCfg = Release|Any CPU
		{F6C2C4BD-2479-4AFE-90E3-8E3D90DB4205}.Release|x86.Build.0 = Release|Any CPU
	EndGlobalSection
EndGlobal
